
Microsoft Visual Studio Solution File, Format Version 12.00
# Visual Studio Version 16
VisualStudioVersion = 16.0.30523.141
MinimumVisualStudioVersion = 10.0.40219.1
Project("{2150E333-8FDC-42A3-9474-1A3956D46DE8}") = "Chappter02", "Chappter02", "{26C80893-3A6E-44C6-98E5-835CCE5A361A}"
EndProject
Project("{8BC9CEB8-8B4A-11D0-8D11-00A0C91BC942}") = "Project_SingleList", "Project_SingleList\Project_SingleList.vcxproj", "{19241A32-CB4F-4D0A-88AE-A4F296DD90C7}"
EndProject
Project("{8BC9CEB8-8B4A-11D0-8D11-00A0C91BC942}") = "Project_DoubleList_Number", "Project_DoubleList_Number\Project_DoubleList_Number.vcxproj", "{179C3AF4-3E85-4240-A1FA-A5FDEE91515D}"
EndProject
Project("{8BC9CEB8-8B4A-11D0-8D11-00A0C91BC942}") = "Project_Stack", "Project_Stack\Project_Stack.vcxproj", "{E85745D2-2E02-44A3-8705-6A33F5F1154D}"
EndProject
Project("{8BC9CEB8-8B4A-11D0-8D11-00A0C91BC942}") = "Project_Queue", "Chapter02\Project_Queue\Project_Queue.vcxproj", "{162DEC12-EAEC-4B9B-9A95-9E146CD72549}"
EndProject
Project("{2150E333-8FDC-42A3-9474-1A3956D46DE8}") = "chapter03", "chapter03", "{C939E86E-A191-4F62-8D2C-A42C3ADEDAB6}"
EndProject
Project("{8BC9CEB8-8B4A-11D0-8D11-00A0C91BC942}") = "ProjectHashTable", "Chapte03\ProjectHashTable\ProjectHashTable.vcxproj", "{D69C39F8-DF47-48B0-A02E-43EAAADB718E}"
EndProject
Project("{8BC9CEB8-8B4A-11D0-8D11-00A0C91BC942}") = "Project_BaiTap01", "chapter03\Project_BaiTap01\Project_BaiTap01.vcxproj", "{8AFB43EE-60AD-43AB-8A59-7AEB74A46986}"
EndProject
Global
	GlobalSection(SolutionConfigurationPlatforms) = preSolution
		Debug|Win32 = Debug|Win32
		Debug|x64 = Debug|x64
		Release|Win32 = Release|Win32
		Release|x64 = Release|x64
	EndGlobalSection
	GlobalSection(ProjectConfigurationPlatforms) = postSolution
		{19241A32-CB4F-4D0A-88AE-A4F296DD90C7}.Debug|Win32.ActiveCfg = Debug|Win32
		{19241A32-CB4F-4D0A-88AE-A4F296DD90C7}.Debug|Win32.Build.0 = Debug|Win32
		{19241A32-CB4F-4D0A-88AE-A4F296DD90C7}.Debug|x64.ActiveCfg = Debug|Win32
		{19241A32-CB4F-4D0A-88AE-A4F296DD90C7}.Release|Win32.ActiveCfg = Release|Win32
		{19241A32-CB4F-4D0A-88AE-A4F296DD90C7}.Release|Win32.Build.0 = Release|Win32
		{19241A32-CB4F-4D0A-88AE-A4F296DD90C7}.Release|x64.ActiveCfg = Release|Win32
		{179C3AF4-3E85-4240-A1FA-A5FDEE91515D}.Debug|Win32.ActiveCfg = Debug|Win32
		{179C3AF4-3E85-4240-A1FA-A5FDEE91515D}.Debug|Win32.Build.0 = Debug|Win32
		{179C3AF4-3E85-4240-A1FA-A5FDEE91515D}.Debug|x64.ActiveCfg = Debug|Win32
		{179C3AF4-3E85-4240-A1FA-A5FDEE91515D}.Release|Win32.ActiveCfg = Release|Win32
		{179C3AF4-3E85-4240-A1FA-A5FDEE91515D}.Release|Win32.Build.0 = Release|Win32
		{179C3AF4-3E85-4240-A1FA-A5FDEE91515D}.Release|x64.ActiveCfg = Release|Win32
		{E85745D2-2E02-44A3-8705-6A33F5F1154D}.Debug|Win32.ActiveCfg = Debug|Win32
		{E85745D2-2E02-44A3-8705-6A33F5F1154D}.Debug|Win32.Build.0 = Debug|Win32
		{E85745D2-2E02-44A3-8705-6A33F5F1154D}.Debug|x64.ActiveCfg = Debug|x64
		{E85745D2-2E02-44A3-8705-6A33F5F1154D}.Debug|x64.Build.0 = Debug|x64
		{E85745D2-2E02-44A3-8705-6A33F5F1154D}.Release|Win32.ActiveCfg = Release|Win32
		{E85745D2-2E02-44A3-8705-6A33F5F1154D}.Release|Win32.Build.0 = Release|Win32
		{E85745D2-2E02-44A3-8705-6A33F5F1154D}.Release|x64.ActiveCfg = Release|x64
		{E85745D2-2E02-44A3-8705-6A33F5F1154D}.Release|x64.Build.0 = Release|x64
		{162DEC12-EAEC-4B9B-9A95-9E146CD72549}.Debug|Win32.ActiveCfg = Debug|Win32
		{162DEC12-EAEC-4B9B-9A95-9E146CD72549}.Debug|Win32.Build.0 = Debug|Win32
		{162DEC12-EAEC-4B9B-9A95-9E146CD72549}.Debug|x64.ActiveCfg = Debug|x64
		{162DEC12-EAEC-4B9B-9A95-9E146CD72549}.Debug|x64.Build.0 = Debug|x64
		{162DEC12-EAEC-4B9B-9A95-9E146CD72549}.Release|Win32.ActiveCfg = Release|Win32
		{162DEC12-EAEC-4B9B-9A95-9E146CD72549}.Release|Win32.Build.0 = Release|Win32
		{162DEC12-EAEC-4B9B-9A95-9E146CD72549}.Release|x64.ActiveCfg = Release|x64
		{162DEC12-EAEC-4B9B-9A95-9E146CD72549}.Release|x64.Build.0 = Release|x64
		{D69C39F8-DF47-48B0-A02E-43EAAADB718E}.Debug|Win32.ActiveCfg = Debug|Win32
		{D69C39F8-DF47-48B0-A02E-43EAAADB718E}.Debug|Win32.Build.0 = Debug|Win32
		{D69C39F8-DF47-48B0-A02E-43EAAADB718E}.Debug|x64.ActiveCfg = Debug|x64
		{D69C39F8-DF47-48B0-A02E-43EAAADB718E}.Debug|x64.Build.0 = Debug|x64
		{D69C39F8-DF47-48B0-A02E-43EAAADB718E}.Release|Win32.ActiveCfg = Release|Win32
		{D69C39F8-DF47-48B0-A02E-43EAAADB718E}.Release|Win32.Build.0 = Release|Win32
		{D69C39F8-DF47-48B0-A02E-43EAAADB718E}.Release|x64.ActiveCfg = Release|x64
		{D69C39F8-DF47-48B0-A02E-43EAAADB718E}.Release|x64.Build.0 = Release|x64
		{8AFB43EE-60AD-43AB-8A59-7AEB74A46986}.Debug|Win32.ActiveCfg = Debug|Win32
		{8AFB43EE-60AD-43AB-8A59-7AEB74A46986}.Debug|Win32.Build.0 = Debug|Win32
		{8AFB43EE-60AD-43AB-8A59-7AEB74A46986}.Debug|x64.ActiveCfg = Debug|x64
		{8AFB43EE-60AD-43AB-8A59-7AEB74A46986}.Debug|x64.Build.0 = Debug|x64
		{8AFB43EE-60AD-43AB-8A59-7AEB74A46986}.Release|Win32.ActiveCfg = Release|Win32
		{8AFB43EE-60AD-43AB-8A59-7AEB74A46986}.Release|Win32.Build.0 = Release|Win32
		{8AFB43EE-60AD-43AB-8A59-7AEB74A46986}.Release|x64.ActiveCfg = Release|x64
		{8AFB43EE-60AD-43AB-8A59-7AEB74A46986}.Release|x64.Build.0 = Release|x64
	EndGlobalSection
	GlobalSection(SolutionProperties) = preSolution
		HideSolutionNode = FALSE
	EndGlobalSection
	GlobalSection(NestedProjects) = preSolution
		{19241A32-CB4F-4D0A-88AE-A4F296DD90C7} = {26C80893-3A6E-44C6-98E5-835CCE5A361A}
		{179C3AF4-3E85-4240-A1FA-A5FDEE91515D} = {26C80893-3A6E-44C6-98E5-835CCE5A361A}
		{E85745D2-2E02-44A3-8705-6A33F5F1154D} = {26C80893-3A6E-44C6-98E5-835CCE5A361A}
		{162DEC12-EAEC-4B9B-9A95-9E146CD72549} = {26C80893-3A6E-44C6-98E5-835CCE5A361A}
		{D69C39F8-DF47-48B0-A02E-43EAAADB718E} = {C939E86E-A191-4F62-8D2C-A42C3ADEDAB6}
		{8AFB43EE-60AD-43AB-8A59-7AEB74A46986} = {C939E86E-A191-4F62-8D2C-A42C3ADEDAB6}
	EndGlobalSection
	GlobalSection(ExtensibilityGlobals) = postSolution
		SolutionGuid = {A6851485-2E78-4055-8FDF-7A1A7A590734}
	EndGlobalSection
EndGlobal
